
Microsoft Visual Studio Solution File, Format Version 12.00
# Visual Studio Version 17
VisualStudioVersion = 17.4.33205.214
MinimumVisualStudioVersion = 10.0.40219.1
Project("{FAE04EC0-301F-11D3-BF4B-00C04F79EFBC}") = "EView360ATMStreamingService", "EView360ATMStreamingService.csproj", "{B8E93ABE-3D01-413D-821D-FCC775B2DCE0}"
EndProject
Project("{FAE04EC0-301F-11D3-BF4B-00C04F79EFBC}") = "ServicesDAL", "..\..\..\ServicesDAL\ServicesDAL.csproj", "{BB77C108-FD46-4FB7-941F-0CFF108B7CC0}"
EndProject
Global
	GlobalSection(SolutionConfigurationPlatforms) = preSolution
		Debug|Any CPU = Debug|Any CPU
		Release|Any CPU = Release|Any CPU
	EndGlobalSection
	GlobalSection(ProjectConfigurationPlatforms) = postSolution
		{B8E93ABE-3D01-413D-821D-FCC775B2DCE0}.Debug|Any CPU.ActiveCfg = Debug|Any CPU
		{B8E93ABE-3D01-413D-821D-FCC775B2DCE0}.Debug|Any CPU.Build.0 = Debug|Any CPU
		{B8E93ABE-3D01-413D-821D-FCC775B2DCE0}.Release|Any CPU.ActiveCfg = Release|Any CPU
		{B8E93ABE-3D01-413D-821D-FCC775B2DCE0}.Release|Any CPU.Build.0 = Release|Any CPU
		{BB77C108-FD46-4FB7-941F-0CFF108B7CC0}.Debug|Any CPU.ActiveCfg = Debug|Any CPU
		{BB77C108-FD46-4FB7-941F-0CFF108B7CC0}.Debug|Any CPU.Build.0 = Debug|Any CPU
		{BB77C108-FD46-4FB7-941F-0CFF108B7CC0}.Release|Any CPU.ActiveCfg = Release|Any CPU
		{BB77C108-FD46-4FB7-941F-0CFF108B7CC0}.Release|Any CPU.Build.0 = Release|Any CPU
	EndGlobalSection
	GlobalSection(SolutionProperties) = preSolution
		HideSolutionNode = FALSE
	EndGlobalSection
	GlobalSection(ExtensibilityGlobals) = postSolution
		SolutionGuid = {2310C08E-76F2-49D7-A3ED-0BC1C430493F}
	EndGlobalSection
EndGlobal
