
Microsoft Visual Studio Solution File, Format Version 12.00
# Visual Studio Version 17
VisualStudioVersion = 17.4.33205.214
MinimumVisualStudioVersion = 10.0.40219.1
Project("{9A19103F-16F7-4668-BE54-9A1E7A4F7556}") = "DataRequestorMiddleware", "DataRequestorMiddleware\DataRequestorMiddleware.csproj", "{6FEB12F7-5BCB-4FA9-AD2B-EF9BE417C40D}"
EndProject
Global
	GlobalSection(SolutionConfigurationPlatforms) = preSolution
		Debug|Any CPU = Debug|Any CPU
		Release|Any CPU = Release|Any CPU
	EndGlobalSection
	GlobalSection(ProjectConfigurationPlatforms) = postSolution
		{6FEB12F7-5BCB-4FA9-AD2B-EF9BE417C40D}.Debug|Any CPU.ActiveCfg = Debug|Any CPU
		{6FEB12F7-5BCB-4FA9-AD2B-EF9BE417C40D}.Debug|Any CPU.Build.0 = Debug|Any CPU
		{6FEB12F7-5BCB-4FA9-AD2B-EF9BE417C40D}.Release|Any CPU.ActiveCfg = Release|Any CPU
		{6FEB12F7-5BCB-4FA9-AD2B-EF9BE417C40D}.Release|Any CPU.Build.0 = Release|Any CPU
	EndGlobalSection
	GlobalSection(SolutionProperties) = preSolution
		HideSolutionNode = FALSE
	EndGlobalSection
	GlobalSection(ExtensibilityGlobals) = postSolution
		SolutionGuid = {C779768D-5B45-428A-AC6A-208B475F793A}
	EndGlobalSection
EndGlobal
