
Microsoft Visual Studio Solution File, Format Version 12.00
# Visual Studio Version 17
VisualStudioVersion = 17.7.34031.279
MinimumVisualStudioVersion = 10.0.40219.1
Project("{FAE04EC0-301F-11D3-BF4B-00C04F79EFBC}") = "Parser", "Parser\Parser.csproj", "{90940E22-4F4F-4992-AC41-30ED26C1AF22}"
EndProject
Global
	GlobalSection(SolutionConfigurationPlatforms) = preSolution
		Debug|Any CPU = Debug|Any CPU
		Release|Any CPU = Release|Any CPU
	EndGlobalSection
	GlobalSection(ProjectConfigurationPlatforms) = postSolution
		{90940E22-4F4F-4992-AC41-30ED26C1AF22}.Debug|Any CPU.ActiveCfg = Debug|Any CPU
		{90940E22-4F4F-4992-AC41-30ED26C1AF22}.Debug|Any CPU.Build.0 = Debug|Any CPU
		{90940E22-4F4F-4992-AC41-30ED26C1AF22}.Release|Any CPU.ActiveCfg = Release|Any CPU
		{90940E22-4F4F-4992-AC41-30ED26C1AF22}.Release|Any CPU.Build.0 = Release|Any CPU
	EndGlobalSection
	GlobalSection(SolutionProperties) = preSolution
		HideSolutionNode = FALSE
	EndGlobalSection
	GlobalSection(ExtensibilityGlobals) = postSolution
		SolutionGuid = {2ED5B713-1DD7-42A2-9A44-DBE1FAE7B433}
	EndGlobalSection
EndGlobal
